
Microsoft Visual Studio Solution File, Format Version 12.00
# Visual Studio 15
VisualStudioVersion = 15.0.27428.2037
MinimumVisualStudioVersion = 10.0.40219.1
Project("{2150E333-8FDC-42A3-9474-1A3956D46DE8}") = "src", "src", "{BAD8E2C3-67FB-421F-9002-FF0E5383E8F3}"
EndProject
Project("{2150E333-8FDC-42A3-9474-1A3956D46DE8}") = "BuildingBlocks", "BuildingBlocks", "{0D9B0F46-ACAC-4CBB-A726-1F985FAC4A28}"
EndProject
Project("{2150E333-8FDC-42A3-9474-1A3956D46DE8}") = "Services", "Services", "{20231B20-AD5D-4264-BB56-D7B44DFE6C6D}"
EndProject
Project("{2150E333-8FDC-42A3-9474-1A3956D46DE8}") = "EventBus", "EventBus", "{19C6F205-7A58-406F-9407-219E2153C89A}"
EndProject
Project("{2150E333-8FDC-42A3-9474-1A3956D46DE8}") = "WebHost", "WebHost", "{9D53016E-465F-4199-BE97-8C997DAFF592}"
EndProject
Project("{2150E333-8FDC-42A3-9474-1A3956D46DE8}") = "ZipCode", "ZipCode", "{B8988419-4E8F-441D-9CCF-5E26ADBBAC89}"
EndProject
Project("{9A19103F-16F7-4668-BE54-9A1E7A4F7556}") = "EventBus", "src\BuildingBlocks\EventBus\EventBus\EventBus.csproj", "{CE485B3B-4E07-4D4D-9D08-DDCD5708B774}"
EndProject
Project("{9A19103F-16F7-4668-BE54-9A1E7A4F7556}") = "EventBusRabbitMQ", "src\BuildingBlocks\EventBus\EventBusRabbitMQ\EventBusRabbitMQ.csproj", "{C22BB608-8A0B-46CC-B94F-6F2E2705EB39}"
EndProject
Project("{9A19103F-16F7-4668-BE54-9A1E7A4F7556}") = "EventBusServiceBus", "src\BuildingBlocks\EventBus\EventBusServiceBus\EventBusServiceBus.csproj", "{EAE10A6B-B945-4FF6-9E7B-C09C13EE69F1}"
EndProject
Project("{9A19103F-16F7-4668-BE54-9A1E7A4F7556}") = "IntegrationEventLogEF", "src\BuildingBlocks\EventBus\IntegrationEventLogEF\IntegrationEventLogEF.csproj", "{42F86963-9440-47D6-A554-0DFC09C4A3CE}"
EndProject
Project("{9A19103F-16F7-4668-BE54-9A1E7A4F7556}") = "WebHost.Customization", "src\BuildingBlocks\WebHost\WebHost.Customization\WebHost.Customization.csproj", "{5B012FF3-B139-4ED9-881E-63D34A88DE15}"
EndProject
Project("{9A19103F-16F7-4668-BE54-9A1E7A4F7556}") = "ZipCode.API", "src\Services\ZipCode\ZipCode.API\ZipCode.API.csproj", "{08A2D9B8-88DE-4129-B791-5587A8DF89D4}"
EndProject
Project("{2150E333-8FDC-42A3-9474-1A3956D46DE8}") = "Identity", "Identity", "{615C9B88-ED2B-4057-B835-A8B048521F75}"
EndProject
Project("{9A19103F-16F7-4668-BE54-9A1E7A4F7556}") = "Identity.API", "src\Services\Identity\Identity.API\Identity.API.csproj", "{E05794F2-2537-418B-85EA-66165DFADB2B}"
EndProject
Project("{2150E333-8FDC-42A3-9474-1A3956D46DE8}") = "HealthChecks", "HealthChecks", "{1A1DDF5C-B0F9-443C-9A21-F46E82CB530E}"
EndProject
Project("{9A19103F-16F7-4668-BE54-9A1E7A4F7556}") = "Microsoft.AspNetCore.HealthChecks", "src\BuildingBlocks\HealthCheck\src\Microsoft.AspNetCore.HealthChecks\Microsoft.AspNetCore.HealthChecks.csproj", "{57394E15-4DBE-4272-B004-443071F35AEC}"
EndProject
Project("{9A19103F-16F7-4668-BE54-9A1E7A4F7556}") = "Microsoft.Extensions.HealthChecks", "src\BuildingBlocks\HealthCheck\src\Microsoft.Extensions.HealthChecks\Microsoft.Extensions.HealthChecks.csproj", "{6A2EF845-FC97-48E7-BE2D-6A06ED175399}"
EndProject
Project("{9A19103F-16F7-4668-BE54-9A1E7A4F7556}") = "Microsoft.Extensions.HealthChecks.AzureStorage", "src\BuildingBlocks\HealthCheck\src\Microsoft.Extensions.HealthChecks.AzureStorage\Microsoft.Extensions.HealthChecks.AzureStorage.csproj", "{D8CADDCE-A26D-46A6-A887-F306CCB92521}"
EndProject
Project("{9A19103F-16F7-4668-BE54-9A1E7A4F7556}") = "Microsoft.Extensions.HealthChecks.SqlServer", "src\BuildingBlocks\HealthCheck\src\Microsoft.Extensions.HealthChecks.SqlServer\Microsoft.Extensions.HealthChecks.SqlServer.csproj", "{B388B16E-19CF-452E-8485-760206CF3180}"
EndProject
Project("{E53339B2-1760-4266-BCC7-CA923CBCF16C}") = "docker-compose", "docker-compose.dcproj", "{BFF515DE-4E2E-4CE3-9112-1153EB1DE08C}"
EndProject
Global
	GlobalSection(SolutionConfigurationPlatforms) = preSolution
		Debug|Any CPU = Debug|Any CPU
		Release|Any CPU = Release|Any CPU
	EndGlobalSection
	GlobalSection(ProjectConfigurationPlatforms) = postSolution
		{CE485B3B-4E07-4D4D-9D08-DDCD5708B774}.Debug|Any CPU.ActiveCfg = Debug|Any CPU
		{CE485B3B-4E07-4D4D-9D08-DDCD5708B774}.Debug|Any CPU.Build.0 = Debug|Any CPU
		{CE485B3B-4E07-4D4D-9D08-DDCD5708B774}.Release|Any CPU.ActiveCfg = Release|Any CPU
		{CE485B3B-4E07-4D4D-9D08-DDCD5708B774}.Release|Any CPU.Build.0 = Release|Any CPU
		{C22BB608-8A0B-46CC-B94F-6F2E2705EB39}.Debug|Any CPU.ActiveCfg = Debug|Any CPU
		{C22BB608-8A0B-46CC-B94F-6F2E2705EB39}.Debug|Any CPU.Build.0 = Debug|Any CPU
		{C22BB608-8A0B-46CC-B94F-6F2E2705EB39}.Release|Any CPU.ActiveCfg = Release|Any CPU
		{C22BB608-8A0B-46CC-B94F-6F2E2705EB39}.Release|Any CPU.Build.0 = Release|Any CPU
		{EAE10A6B-B945-4FF6-9E7B-C09C13EE69F1}.Debug|Any CPU.ActiveCfg = Debug|Any CPU
		{EAE10A6B-B945-4FF6-9E7B-C09C13EE69F1}.Debug|Any CPU.Build.0 = Debug|Any CPU
		{EAE10A6B-B945-4FF6-9E7B-C09C13EE69F1}.Release|Any CPU.ActiveCfg = Release|Any CPU
		{EAE10A6B-B945-4FF6-9E7B-C09C13EE69F1}.Release|Any CPU.Build.0 = Release|Any CPU
		{42F86963-9440-47D6-A554-0DFC09C4A3CE}.Debug|Any CPU.ActiveCfg = Debug|Any CPU
		{42F86963-9440-47D6-A554-0DFC09C4A3CE}.Debug|Any CPU.Build.0 = Debug|Any CPU
		{42F86963-9440-47D6-A554-0DFC09C4A3CE}.Release|Any CPU.ActiveCfg = Release|Any CPU
		{42F86963-9440-47D6-A554-0DFC09C4A3CE}.Release|Any CPU.Build.0 = Release|Any CPU
		{5B012FF3-B139-4ED9-881E-63D34A88DE15}.Debug|Any CPU.ActiveCfg = Debug|Any CPU
		{5B012FF3-B139-4ED9-881E-63D34A88DE15}.Debug|Any CPU.Build.0 = Debug|Any CPU
		{5B012FF3-B139-4ED9-881E-63D34A88DE15}.Release|Any CPU.ActiveCfg = Release|Any CPU
		{5B012FF3-B139-4ED9-881E-63D34A88DE15}.Release|Any CPU.Build.0 = Release|Any CPU
		{08A2D9B8-88DE-4129-B791-5587A8DF89D4}.Debug|Any CPU.ActiveCfg = Debug|Any CPU
		{08A2D9B8-88DE-4129-B791-5587A8DF89D4}.Debug|Any CPU.Build.0 = Debug|Any CPU
		{08A2D9B8-88DE-4129-B791-5587A8DF89D4}.Release|Any CPU.ActiveCfg = Release|Any CPU
		{08A2D9B8-88DE-4129-B791-5587A8DF89D4}.Release|Any CPU.Build.0 = Release|Any CPU
		{E05794F2-2537-418B-85EA-66165DFADB2B}.Debug|Any CPU.ActiveCfg = Debug|Any CPU
		{E05794F2-2537-418B-85EA-66165DFADB2B}.Debug|Any CPU.Build.0 = Debug|Any CPU
		{E05794F2-2537-418B-85EA-66165DFADB2B}.Release|Any CPU.ActiveCfg = Release|Any CPU
		{E05794F2-2537-418B-85EA-66165DFADB2B}.Release|Any CPU.Build.0 = Release|Any CPU
		{57394E15-4DBE-4272-B004-443071F35AEC}.Debug|Any CPU.ActiveCfg = Debug|Any CPU
		{57394E15-4DBE-4272-B004-443071F35AEC}.Debug|Any CPU.Build.0 = Debug|Any CPU
		{57394E15-4DBE-4272-B004-443071F35AEC}.Release|Any CPU.ActiveCfg = Release|Any CPU
		{57394E15-4DBE-4272-B004-443071F35AEC}.Release|Any CPU.Build.0 = Release|Any CPU
		{6A2EF845-FC97-48E7-BE2D-6A06ED175399}.Debug|Any CPU.ActiveCfg = Debug|Any CPU
		{6A2EF845-FC97-48E7-BE2D-6A06ED175399}.Debug|Any CPU.Build.0 = Debug|Any CPU
		{6A2EF845-FC97-48E7-BE2D-6A06ED175399}.Release|Any CPU.ActiveCfg = Release|Any CPU
		{6A2EF845-FC97-48E7-BE2D-6A06ED175399}.Release|Any CPU.Build.0 = Release|Any CPU
		{D8CADDCE-A26D-46A6-A887-F306CCB92521}.Debug|Any CPU.ActiveCfg = Debug|Any CPU
		{D8CADDCE-A26D-46A6-A887-F306CCB92521}.Debug|Any CPU.Build.0 = Debug|Any CPU
		{D8CADDCE-A26D-46A6-A887-F306CCB92521}.Release|Any CPU.ActiveCfg = Release|Any CPU
		{D8CADDCE-A26D-46A6-A887-F306CCB92521}.Release|Any CPU.Build.0 = Release|Any CPU
		{B388B16E-19CF-452E-8485-760206CF3180}.Debug|Any CPU.ActiveCfg = Debug|Any CPU
		{B388B16E-19CF-452E-8485-760206CF3180}.Debug|Any CPU.Build.0 = Debug|Any CPU
		{B388B16E-19CF-452E-8485-760206CF3180}.Release|Any CPU.ActiveCfg = Release|Any CPU
		{B388B16E-19CF-452E-8485-760206CF3180}.Release|Any CPU.Build.0 = Release|Any CPU
		{BFF515DE-4E2E-4CE3-9112-1153EB1DE08C}.Debug|Any CPU.ActiveCfg = Debug|Any CPU
		{BFF515DE-4E2E-4CE3-9112-1153EB1DE08C}.Debug|Any CPU.Build.0 = Debug|Any CPU
		{BFF515DE-4E2E-4CE3-9112-1153EB1DE08C}.Release|Any CPU.ActiveCfg = Release|Any CPU
		{BFF515DE-4E2E-4CE3-9112-1153EB1DE08C}.Release|Any CPU.Build.0 = Release|Any CPU
	EndGlobalSection
	GlobalSection(SolutionProperties) = preSolution
		HideSolutionNode = FALSE
	EndGlobalSection
	GlobalSection(NestedProjects) = preSolution
		{0D9B0F46-ACAC-4CBB-A726-1F985FAC4A28} = {BAD8E2C3-67FB-421F-9002-FF0E5383E8F3}
		{20231B20-AD5D-4264-BB56-D7B44DFE6C6D} = {BAD8E2C3-67FB-421F-9002-FF0E5383E8F3}
		{19C6F205-7A58-406F-9407-219E2153C89A} = {0D9B0F46-ACAC-4CBB-A726-1F985FAC4A28}
		{9D53016E-465F-4199-BE97-8C997DAFF592} = {0D9B0F46-ACAC-4CBB-A726-1F985FAC4A28}
		{B8988419-4E8F-441D-9CCF-5E26ADBBAC89} = {20231B20-AD5D-4264-BB56-D7B44DFE6C6D}
		{CE485B3B-4E07-4D4D-9D08-DDCD5708B774} = {19C6F205-7A58-406F-9407-219E2153C89A}
		{C22BB608-8A0B-46CC-B94F-6F2E2705EB39} = {19C6F205-7A58-406F-9407-219E2153C89A}
		{EAE10A6B-B945-4FF6-9E7B-C09C13EE69F1} = {19C6F205-7A58-406F-9407-219E2153C89A}
		{42F86963-9440-47D6-A554-0DFC09C4A3CE} = {19C6F205-7A58-406F-9407-219E2153C89A}
		{5B012FF3-B139-4ED9-881E-63D34A88DE15} = {9D53016E-465F-4199-BE97-8C997DAFF592}
		{08A2D9B8-88DE-4129-B791-5587A8DF89D4} = {B8988419-4E8F-441D-9CCF-5E26ADBBAC89}
		{615C9B88-ED2B-4057-B835-A8B048521F75} = {20231B20-AD5D-4264-BB56-D7B44DFE6C6D}
		{E05794F2-2537-418B-85EA-66165DFADB2B} = {615C9B88-ED2B-4057-B835-A8B048521F75}
		{1A1DDF5C-B0F9-443C-9A21-F46E82CB530E} = {0D9B0F46-ACAC-4CBB-A726-1F985FAC4A28}
		{57394E15-4DBE-4272-B004-443071F35AEC} = {1A1DDF5C-B0F9-443C-9A21-F46E82CB530E}
		{6A2EF845-FC97-48E7-BE2D-6A06ED175399} = {1A1DDF5C-B0F9-443C-9A21-F46E82CB530E}
		{D8CADDCE-A26D-46A6-A887-F306CCB92521} = {1A1DDF5C-B0F9-443C-9A21-F46E82CB530E}
		{B388B16E-19CF-452E-8485-760206CF3180} = {1A1DDF5C-B0F9-443C-9A21-F46E82CB530E}
	EndGlobalSection
	GlobalSection(ExtensibilityGlobals) = postSolution
		SolutionGuid = {D7532D66-735B-4613-ABA2-8ACA331F0109}
	EndGlobalSection
EndGlobal
