
Microsoft Visual Studio Solution File, Format Version 12.00
# Visual Studio 15
VisualStudioVersion = 15.0.27428.2037
MinimumVisualStudioVersion = 10.0.40219.1
Project("{2150E333-8FDC-42A3-9474-1A3956D46DE8}") = "src", "src", "{BAD8E2C3-67FB-421F-9002-FF0E5383E8F3}"
EndProject
Project("{2150E333-8FDC-42A3-9474-1A3956D46DE8}") = "BuildingBlocks", "BuildingBlocks", "{0D9B0F46-ACAC-4CBB-A726-1F985FAC4A28}"
EndProject
Project("{2150E333-8FDC-42A3-9474-1A3956D46DE8}") = "Services", "Services", "{20231B20-AD5D-4264-BB56-D7B44DFE6C6D}"
EndProject
Project("{2150E333-8FDC-42A3-9474-1A3956D46DE8}") = "EventBus", "EventBus", "{19C6F205-7A58-406F-9407-219E2153C89A}"
EndProject
Project("{2150E333-8FDC-42A3-9474-1A3956D46DE8}") = "WebHost", "WebHost", "{9D53016E-465F-4199-BE97-8C997DAFF592}"
EndProject
Project("{2150E333-8FDC-42A3-9474-1A3956D46DE8}") = "ZipCode", "ZipCode", "{B8988419-4E8F-441D-9CCF-5E26ADBBAC89}"
EndProject
Project("{9A19103F-16F7-4668-BE54-9A1E7A4F7556}") = "EventBus", "src\BuildingBlocks\EventBus\EventBus\EventBus.csproj", "{CE485B3B-4E07-4D4D-9D08-DDCD5708B774}"
EndProject
Project("{9A19103F-16F7-4668-BE54-9A1E7A4F7556}") = "EventBusRabbitMQ", "src\BuildingBlocks\EventBus\EventBusRabbitMQ\EventBusRabbitMQ.csproj", "{C22BB608-8A0B-46CC-B94F-6F2E2705EB39}"
EndProject
Project("{9A19103F-16F7-4668-BE54-9A1E7A4F7556}") = "EventBusServiceBus", "src\BuildingBlocks\EventBus\EventBusServiceBus\EventBusServiceBus.csproj", "{EAE10A6B-B945-4FF6-9E7B-C09C13EE69F1}"
EndProject
Project("{9A19103F-16F7-4668-BE54-9A1E7A4F7556}") = "IntegrationEventLogEF", "src\BuildingBlocks\EventBus\IntegrationEventLogEF\IntegrationEventLogEF.csproj", "{42F86963-9440-47D6-A554-0DFC09C4A3CE}"
EndProject
Project("{9A19103F-16F7-4668-BE54-9A1E7A4F7556}") = "WebHost.Customization", "src\BuildingBlocks\WebHost\WebHost.Customization\WebHost.Customization.csproj", "{5B012FF3-B139-4ED9-881E-63D34A88DE15}"
EndProject
Global
	GlobalSection(SolutionConfigurationPlatforms) = preSolution
		Debug|Any CPU = Debug|Any CPU
		Release|Any CPU = Release|Any CPU
	EndGlobalSection
	GlobalSection(ProjectConfigurationPlatforms) = postSolution
		{CE485B3B-4E07-4D4D-9D08-DDCD5708B774}.Debug|Any CPU.ActiveCfg = Debug|Any CPU
		{CE485B3B-4E07-4D4D-9D08-DDCD5708B774}.Debug|Any CPU.Build.0 = Debug|Any CPU
		{CE485B3B-4E07-4D4D-9D08-DDCD5708B774}.Release|Any CPU.ActiveCfg = Release|Any CPU
		{CE485B3B-4E07-4D4D-9D08-DDCD5708B774}.Release|Any CPU.Build.0 = Release|Any CPU
		{C22BB608-8A0B-46CC-B94F-6F2E2705EB39}.Debug|Any CPU.ActiveCfg = Debug|Any CPU
		{C22BB608-8A0B-46CC-B94F-6F2E2705EB39}.Debug|Any CPU.Build.0 = Debug|Any CPU
		{C22BB608-8A0B-46CC-B94F-6F2E2705EB39}.Release|Any CPU.ActiveCfg = Release|Any CPU
		{C22BB608-8A0B-46CC-B94F-6F2E2705EB39}.Release|Any CPU.Build.0 = Release|Any CPU
		{EAE10A6B-B945-4FF6-9E7B-C09C13EE69F1}.Debug|Any CPU.ActiveCfg = Debug|Any CPU
		{EAE10A6B-B945-4FF6-9E7B-C09C13EE69F1}.Debug|Any CPU.Build.0 = Debug|Any CPU
		{EAE10A6B-B945-4FF6-9E7B-C09C13EE69F1}.Release|Any CPU.ActiveCfg = Release|Any CPU
		{EAE10A6B-B945-4FF6-9E7B-C09C13EE69F1}.Release|Any CPU.Build.0 = Release|Any CPU
		{42F86963-9440-47D6-A554-0DFC09C4A3CE}.Debug|Any CPU.ActiveCfg = Debug|Any CPU
		{42F86963-9440-47D6-A554-0DFC09C4A3CE}.Debug|Any CPU.Build.0 = Debug|Any CPU
		{42F86963-9440-47D6-A554-0DFC09C4A3CE}.Release|Any CPU.ActiveCfg = Release|Any CPU
		{42F86963-9440-47D6-A554-0DFC09C4A3CE}.Release|Any CPU.Build.0 = Release|Any CPU
		{5B012FF3-B139-4ED9-881E-63D34A88DE15}.Debug|Any CPU.ActiveCfg = Debug|Any CPU
		{5B012FF3-B139-4ED9-881E-63D34A88DE15}.Debug|Any CPU.Build.0 = Debug|Any CPU
		{5B012FF3-B139-4ED9-881E-63D34A88DE15}.Release|Any CPU.ActiveCfg = Release|Any CPU
		{5B012FF3-B139-4ED9-881E-63D34A88DE15}.Release|Any CPU.Build.0 = Release|Any CPU
	EndGlobalSection
	GlobalSection(SolutionProperties) = preSolution
		HideSolutionNode = FALSE
	EndGlobalSection
	GlobalSection(NestedProjects) = preSolution
		{0D9B0F46-ACAC-4CBB-A726-1F985FAC4A28} = {BAD8E2C3-67FB-421F-9002-FF0E5383E8F3}
		{20231B20-AD5D-4264-BB56-D7B44DFE6C6D} = {BAD8E2C3-67FB-421F-9002-FF0E5383E8F3}
		{19C6F205-7A58-406F-9407-219E2153C89A} = {0D9B0F46-ACAC-4CBB-A726-1F985FAC4A28}
		{9D53016E-465F-4199-BE97-8C997DAFF592} = {0D9B0F46-ACAC-4CBB-A726-1F985FAC4A28}
		{B8988419-4E8F-441D-9CCF-5E26ADBBAC89} = {20231B20-AD5D-4264-BB56-D7B44DFE6C6D}
		{CE485B3B-4E07-4D4D-9D08-DDCD5708B774} = {19C6F205-7A58-406F-9407-219E2153C89A}
		{C22BB608-8A0B-46CC-B94F-6F2E2705EB39} = {19C6F205-7A58-406F-9407-219E2153C89A}
		{EAE10A6B-B945-4FF6-9E7B-C09C13EE69F1} = {19C6F205-7A58-406F-9407-219E2153C89A}
		{42F86963-9440-47D6-A554-0DFC09C4A3CE} = {19C6F205-7A58-406F-9407-219E2153C89A}
		{5B012FF3-B139-4ED9-881E-63D34A88DE15} = {9D53016E-465F-4199-BE97-8C997DAFF592}
	EndGlobalSection
	GlobalSection(ExtensibilityGlobals) = postSolution
		SolutionGuid = {D7532D66-735B-4613-ABA2-8ACA331F0109}
	EndGlobalSection
EndGlobal
